// !$*UTF8*$!
{
	archiveVersion = 1;
	classes = {
	};
	objectVersion = 45;
	objects = {

/* Begin PBXBuildFile section */
		1D3623260D0F684500981E51 /* SmartOthelloAppDelegate.m in Sources */ = {isa = PBXBuildFile; fileRef = 1D3623250D0F684500981E51 /* SmartOthelloAppDelegate.m */; };
		1D60589B0D05DD56006BFB54 /* main.m in Sources */ = {isa = PBXBuildFile; fileRef = 29B97316FDCFA39411CA2CEA /* main.m */; };
		1D60589F0D05DD5A006BFB54 /* Foundation.framework in Frameworks */ = {isa = PBXBuildFile; fileRef = 1D30AB110D05D00D00671497 /* Foundation.framework */; };
		1DF5F4E00D08C38300B7A737 /* UIKit.framework in Frameworks */ = {isa = PBXBuildFile; fileRef = 1DF5F4DF0D08C38300B7A737 /* UIKit.framework */; };
		288765FD0DF74451002DB57D /* CoreGraphics.framework in Frameworks */ = {isa = PBXBuildFile; fileRef = 288765FC0DF74451002DB57D /* CoreGraphics.framework */; };
		28AD733F0D9D9553002E5188 /* MainWindow.xib in Resources */ = {isa = PBXBuildFile; fileRef = 28AD733E0D9D9553002E5188 /* MainWindow.xib */; };
		5C6E0BB00FA2B0070015F7CC /* whitehighlight.png in Resources */ = {isa = PBXBuildFile; fileRef = 5C6E0BAF0FA2B0070015F7CC /* whitehighlight.png */; };
		5C6E0BB20FA2B0130015F7CC /* blackhighlight.png in Resources */ = {isa = PBXBuildFile; fileRef = 5C6E0BB10FA2B0130015F7CC /* blackhighlight.png */; };
		5C7C999B0F9F649C00F2D74F /* tap.aif in Resources */ = {isa = PBXBuildFile; fileRef = 5C7C999A0F9F649C00F2D74F /* tap.aif */; };
		5C7C9AEC0F9F71B700F2D74F /* AudioToolbox.framework in Frameworks */ = {isa = PBXBuildFile; fileRef = 5C7C9AEB0F9F71B700F2D74F /* AudioToolbox.framework */; };
		5C7F3B710F6FE182009606D6 /* icon.png in Resources */ = {isa = PBXBuildFile; fileRef = 5C7F3B700F6FE182009606D6 /* icon.png */; };
		5C7F3BCB0F6FEFA5009606D6 /* AboutView.xib in Resources */ = {isa = PBXBuildFile; fileRef = 5C7F3BCA0F6FEFA5009606D6 /* AboutView.xib */; };
		5C7F3C7D0F6FF448009606D6 /* AboutViewController.m in Sources */ = {isa = PBXBuildFile; fileRef = 5C7F3C7B0F6FF448009606D6 /* AboutViewController.m */; };
		5C7F3C810F6FF490009606D6 /* SmartOthelloView.m in Sources */ = {isa = PBXBuildFile; fileRef = 5C7F3C7F0F6FF490009606D6 /* SmartOthelloView.m */; };
		5C7F3C8B0F6FF637009606D6 /* default.png in Resources */ = {isa = PBXBuildFile; fileRef = 5C7F3C880F6FF637009606D6 /* default.png */; };
		5C7F3C8C0F6FF637009606D6 /* black.png in Resources */ = {isa = PBXBuildFile; fileRef = 5C7F3C890F6FF637009606D6 /* black.png */; };
		5C7F3C8D0F6FF637009606D6 /* white.png in Resources */ = {isa = PBXBuildFile; fileRef = 5C7F3C8A0F6FF637009606D6 /* white.png */; };
		5C8462AF0F6E8F1F00B3254F /* RootViewController.m in Sources */ = {isa = PBXBuildFile; fileRef = 5C8462AE0F6E8F1F00B3254F /* RootViewController.m */; };
		5C8462D40F6E92D700B3254F /* SmartOthelloViewController.m in Sources */ = {isa = PBXBuildFile; fileRef = 5C8462D30F6E92D700B3254F /* SmartOthelloViewController.m */; };
		5C8462D90F6E92EA00B3254F /* SettingViewController.m in Sources */ = {isa = PBXBuildFile; fileRef = 5C8462D80F6E92EA00B3254F /* SettingViewController.m */; };
		5C8462E10F6E953C00B3254F /* SmartOthelloView.xib in Resources */ = {isa = PBXBuildFile; fileRef = 5C8462E00F6E953C00B3254F /* SmartOthelloView.xib */; };
		5C8462E50F6E954D00B3254F /* SettingView.xib in Resources */ = {isa = PBXBuildFile; fileRef = 5C8462E40F6E954D00B3254F /* SettingView.xib */; };
		5C8A63060F77C21500317E40 /* ComputerMove.m in Sources */ = {isa = PBXBuildFile; fileRef = 5C8A62FF0F77C21500317E40 /* ComputerMove.m */; };
		5C8A63080F77C21500317E40 /* SmartOthelloBoard.m in Sources */ = {isa = PBXBuildFile; fileRef = 5C8A63040F77C21500317E40 /* SmartOthelloBoard.m */; };
		5CA95C890F7A682F00BCE55D /* blacklast.png in Resources */ = {isa = PBXBuildFile; fileRef = 5CA95C860F7A682F00BCE55D /* blacklast.png */; };
		5CA95C8A0F7A682F00BCE55D /* hint.png in Resources */ = {isa = PBXBuildFile; fileRef = 5CA95C870F7A682F00BCE55D /* hint.png */; };
		5CA95C8B0F7A682F00BCE55D /* whitelast.png in Resources */ = {isa = PBXBuildFile; fileRef = 5CA95C880F7A682F00BCE55D /* whitelast.png */; };
		5CC83FF30F8A3D29008BE2C4 /* MoveRecord.m in Sources */ = {isa = PBXBuildFile; fileRef = 5CC83FF20F8A3D29008BE2C4 /* MoveRecord.m */; };
		5CF3D5D40F77D626009CE158 /* SmartOthelloController.m in Sources */ = {isa = PBXBuildFile; fileRef = 5CF3D5D20F77D626009CE158 /* SmartOthelloController.m */; };
/* End PBXBuildFile section */

/* Begin PBXFileReference section */
		1D30AB110D05D00D00671497 /* Foundation.framework */ = {isa = PBXFileReference; lastKnownFileType = wrapper.framework; name = Foundation.framework; path = System/Library/Frameworks/Foundation.framework; sourceTree = SDKROOT; };
		1D3623240D0F684500981E51 /* SmartOthelloAppDelegate.h */ = {isa = PBXFileReference; fileEncoding = 4; lastKnownFileType = sourcecode.c.h; path = SmartOthelloAppDelegate.h; sourceTree = "<group>"; };
		1D3623250D0F684500981E51 /* SmartOthelloAppDelegate.m */ = {isa = PBXFileReference; fileEncoding = 4; lastKnownFileType = sourcecode.c.objc; path = SmartOthelloAppDelegate.m; sourceTree = "<group>"; };
		1D6058910D05DD3D006BFB54 /* SmartOthello.app */ = {isa = PBXFileReference; explicitFileType = wrapper.application; includeInIndex = 0; path = SmartOthello.app; sourceTree = BUILT_PRODUCTS_DIR; };
		1DF5F4DF0D08C38300B7A737 /* UIKit.framework */ = {isa = PBXFileReference; lastKnownFileType = wrapper.framework; name = UIKit.framework; path = System/Library/Frameworks/UIKit.framework; sourceTree = SDKROOT; };
		288765FC0DF74451002DB57D /* CoreGraphics.framework */ = {isa = PBXFileReference; lastKnownFileType = wrapper.framework; name = CoreGraphics.framework; path = System/Library/Frameworks/CoreGraphics.framework; sourceTree = SDKROOT; };
		28AD733E0D9D9553002E5188 /* MainWindow.xib */ = {isa = PBXFileReference; lastKnownFileType = file.xib; path = MainWindow.xib; sourceTree = "<group>"; };
		29B97316FDCFA39411CA2CEA /* main.m */ = {isa = PBXFileReference; fileEncoding = 4; lastKnownFileType = sourcecode.c.objc; path = main.m; sourceTree = "<group>"; };
		32CA4F630368D1EE00C91783 /* SmartOthello_Prefix.pch */ = {isa = PBXFileReference; fileEncoding = 4; lastKnownFileType = sourcecode.c.h; path = SmartOthello_Prefix.pch; sourceTree = "<group>"; };
		5C6E0BAF0FA2B0070015F7CC /* whitehighlight.png */ = {isa = PBXFileReference; lastKnownFileType = image.png; path = whitehighlight.png; sourceTree = "<group>"; };
		5C6E0BB10FA2B0130015F7CC /* blackhighlight.png */ = {isa = PBXFileReference; lastKnownFileType = image.png; path = blackhighlight.png; sourceTree = "<group>"; };
		5C7C999A0F9F649C00F2D74F /* tap.aif */ = {isa = PBXFileReference; lastKnownFileType = file; path = tap.aif; sourceTree = "<group>"; };
		5C7C9AEB0F9F71B700F2D74F /* AudioToolbox.framework */ = {isa = PBXFileReference; lastKnownFileType = wrapper.framework; name = AudioToolbox.framework; path = System/Library/Frameworks/AudioToolbox.framework; sourceTree = SDKROOT; };
		5C7F3B700F6FE182009606D6 /* icon.png */ = {isa = PBXFileReference; lastKnownFileType = image.png; path = icon.png; sourceTree = "<group>"; };
		5C7F3BCA0F6FEFA5009606D6 /* AboutView.xib */ = {isa = PBXFileReference; lastKnownFileType = file.xib; path = AboutView.xib; sourceTree = "<group>"; };
		5C7F3C7B0F6FF448009606D6 /* AboutViewController.m */ = {isa = PBXFileReference; fileEncoding = 4; lastKnownFileType = sourcecode.c.objc; path = AboutViewController.m; sourceTree = "<group>"; };
		5C7F3C7C0F6FF448009606D6 /* AboutViewController.h */ = {isa = PBXFileReference; fileEncoding = 4; lastKnownFileType = sourcecode.c.h; path = AboutViewController.h; sourceTree = "<group>"; };
		5C7F3C7F0F6FF490009606D6 /* SmartOthelloView.m */ = {isa = PBXFileReference; fileEncoding = 4; lastKnownFileType = sourcecode.c.objc; path = SmartOthelloView.m; sourceTree = "<group>"; };
		5C7F3C800F6FF490009606D6 /* SmartOthelloView.h */ = {isa = PBXFileReference; fileEncoding = 4; lastKnownFileType = sourcecode.c.h; path = SmartOthelloView.h; sourceTree = "<group>"; };
		5C7F3C880F6FF637009606D6 /* default.png */ = {isa = PBXFileReference; lastKnownFileType = image.png; path = default.png; sourceTree = "<group>"; };
		5C7F3C890F6FF637009606D6 /* black.png */ = {isa = PBXFileReference; lastKnownFileType = image.png; path = black.png; sourceTree = "<group>"; };
		5C7F3C8A0F6FF637009606D6 /* white.png */ = {isa = PBXFileReference; lastKnownFileType = image.png; path = white.png; sourceTree = "<group>"; };
		5C8462AD0F6E8F1F00B3254F /* RootViewController.h */ = {isa = PBXFileReference; fileEncoding = 4; lastKnownFileType = sourcecode.c.h; path = RootViewController.h; sourceTree = "<group>"; };
		5C8462AE0F6E8F1F00B3254F /* RootViewController.m */ = {isa = PBXFileReference; fileEncoding = 4; lastKnownFileType = sourcecode.c.objc; path = RootViewController.m; sourceTree = "<group>"; };
		5C8462D20F6E92D700B3254F /* SmartOthelloViewController.h */ = {isa = PBXFileReference; fileEncoding = 4; lastKnownFileType = sourcecode.c.h; path = SmartOthelloViewController.h; sourceTree = "<group>"; };
		5C8462D30F6E92D700B3254F /* SmartOthelloViewController.m */ = {isa = PBXFileReference; fileEncoding = 4; lastKnownFileType = sourcecode.c.objc; path = SmartOthelloViewController.m; sourceTree = "<group>"; };
		5C8462D70F6E92EA00B3254F /* SettingViewController.h */ = {isa = PBXFileReference; fileEncoding = 4; lastKnownFileType = sourcecode.c.h; path = SettingViewController.h; sourceTree = "<group>"; };
		5C8462D80F6E92EA00B3254F /* SettingViewController.m */ = {isa = PBXFileReference; fileEncoding = 4; lastKnownFileType = sourcecode.c.objc; path = SettingViewController.m; sourceTree = "<group>"; };
		5C8462E00F6E953C00B3254F /* SmartOthelloView.xib */ = {isa = PBXFileReference; lastKnownFileType = file.xib; path = SmartOthelloView.xib; sourceTree = "<group>"; };
		5C8462E40F6E954D00B3254F /* SettingView.xib */ = {isa = PBXFileReference; lastKnownFileType = file.xib; path = SettingView.xib; sourceTree = "<group>"; };
		5C8A62FF0F77C21500317E40 /* ComputerMove.m */ = {isa = PBXFileReference; fileEncoding = 4; lastKnownFileType = sourcecode.c.objc; path = ComputerMove.m; sourceTree = "<group>"; };
		5C8A63000F77C21500317E40 /* Constants.h */ = {isa = PBXFileReference; fileEncoding = 4; lastKnownFileType = sourcecode.c.h; path = Constants.h; sourceTree = "<group>"; };
		5C8A63010F77C21500317E40 /* ComputerMove.h */ = {isa = PBXFileReference; fileEncoding = 4; lastKnownFileType = sourcecode.c.h; path = ComputerMove.h; sourceTree = "<group>"; };
		5C8A63040F77C21500317E40 /* SmartOthelloBoard.m */ = {isa = PBXFileReference; fileEncoding = 4; lastKnownFileType = sourcecode.c.objc; path = SmartOthelloBoard.m; sourceTree = "<group>"; };
		5C8A63050F77C21500317E40 /* SmartOthelloBoard.h */ = {isa = PBXFileReference; fileEncoding = 4; lastKnownFileType = sourcecode.c.h; path = SmartOthelloBoard.h; sourceTree = "<group>"; };
		5CA95C860F7A682F00BCE55D /* blacklast.png */ = {isa = PBXFileReference; lastKnownFileType = image.png; path = blacklast.png; sourceTree = "<group>"; };
		5CA95C870F7A682F00BCE55D /* hint.png */ = {isa = PBXFileReference; lastKnownFileType = image.png; path = hint.png; sourceTree = "<group>"; };
		5CA95C880F7A682F00BCE55D /* whitelast.png */ = {isa = PBXFileReference; lastKnownFileType = image.png; path = whitelast.png; sourceTree = "<group>"; };
		5CC83FF10F8A3D29008BE2C4 /* MoveRecord.h */ = {isa = PBXFileReference; fileEncoding = 4; lastKnownFileType = sourcecode.c.h; path = MoveRecord.h; sourceTree = "<group>"; };
		5CC83FF20F8A3D29008BE2C4 /* MoveRecord.m */ = {isa = PBXFileReference; fileEncoding = 4; lastKnownFileType = sourcecode.c.objc; path = MoveRecord.m; sourceTree = "<group>"; };
		5CF3D5D20F77D626009CE158 /* SmartOthelloController.m */ = {isa = PBXFileReference; fileEncoding = 4; lastKnownFileType = sourcecode.c.objc; path = SmartOthelloController.m; sourceTree = "<group>"; };
		5CF3D5D30F77D626009CE158 /* SmartOthelloController.h */ = {isa = PBXFileReference; fileEncoding = 4; lastKnownFileType = sourcecode.c.h; path = SmartOthelloController.h; sourceTree = "<group>"; };
		8D1107310486CEB800E47090 /* Info.plist */ = {isa = PBXFileReference; fileEncoding = 4; lastKnownFileType = text.plist.xml; path = Info.plist; sourceTree = "<group>"; };
/* End PBXFileReference section */

/* Begin PBXFrameworksBuildPhase section */
		1D60588F0D05DD3D006BFB54 /* Frameworks */ = {
			isa = PBXFrameworksBuildPhase;
			buildActionMask = 2147483647;
			files = (
				1D60589F0D05DD5A006BFB54 /* Foundation.framework in Frameworks */,
				1DF5F4E00D08C38300B7A737 /* UIKit.framework in Frameworks */,
				288765FD0DF74451002DB57D /* CoreGraphics.framework in Frameworks */,
				5C7C9AEC0F9F71B700F2D74F /* AudioToolbox.framework in Frameworks */,
			);
			runOnlyForDeploymentPostprocessing = 0;
		};
/* End PBXFrameworksBuildPhase section */

/* Begin PBXGroup section */
		080E96DDFE201D6D7F000001 /* Classes */ = {
			isa = PBXGroup;
			children = (
				5C8A63000F77C21500317E40 /* Constants.h */,
				5C8A63010F77C21500317E40 /* ComputerMove.h */,
				5C8A62FF0F77C21500317E40 /* ComputerMove.m */,
				5CC83FF10F8A3D29008BE2C4 /* MoveRecord.h */,
				5CC83FF20F8A3D29008BE2C4 /* MoveRecord.m */,
				5C8A63050F77C21500317E40 /* SmartOthelloBoard.h */,
				5C8A63040F77C21500317E40 /* SmartOthelloBoard.m */,
				5CF3D5D30F77D626009CE158 /* SmartOthelloController.h */,
				5CF3D5D20F77D626009CE158 /* SmartOthelloController.m */,
				5C7F3C7C0F6FF448009606D6 /* AboutViewController.h */,
				5C7F3C7B0F6FF448009606D6 /* AboutViewController.m */,
				5C8462D20F6E92D700B3254F /* SmartOthelloViewController.h */,
				5C8462D30F6E92D700B3254F /* SmartOthelloViewController.m */,
				5C7F3C800F6FF490009606D6 /* SmartOthelloView.h */,
				5C7F3C7F0F6FF490009606D6 /* SmartOthelloView.m */,
				5C8462D70F6E92EA00B3254F /* SettingViewController.h */,
				5C8462D80F6E92EA00B3254F /* SettingViewController.m */,
				5C8462AD0F6E8F1F00B3254F /* RootViewController.h */,
				5C8462AE0F6E8F1F00B3254F /* RootViewController.m */,
				1D3623240D0F684500981E51 /* SmartOthelloAppDelegate.h */,
				1D3623250D0F684500981E51 /* SmartOthelloAppDelegate.m */,
			);
			path = Classes;
			sourceTree = "<group>";
		};
		19C28FACFE9D520D11CA2CBB /* Products */ = {
			isa = PBXGroup;
			children = (
				1D6058910D05DD3D006BFB54 /* SmartOthello.app */,
			);
			name = Products;
			sourceTree = "<group>";
		};
		29B97314FDCFA39411CA2CEA /* CustomTemplate */ = {
			isa = PBXGroup;
			children = (
				080E96DDFE201D6D7F000001 /* Classes */,
				29B97315FDCFA39411CA2CEA /* Other Sources */,
				29B97317FDCFA39411CA2CEA /* Resources */,
				29B97323FDCFA39411CA2CEA /* Frameworks */,
				19C28FACFE9D520D11CA2CBB /* Products */,
			);
			name = CustomTemplate;
			sourceTree = "<group>";
		};
		29B97315FDCFA39411CA2CEA /* Other Sources */ = {
			isa = PBXGroup;
			children = (
				32CA4F630368D1EE00C91783 /* SmartOthello_Prefix.pch */,
				29B97316FDCFA39411CA2CEA /* main.m */,
			);
			name = "Other Sources";
			sourceTree = "<group>";
		};
		29B97317FDCFA39411CA2CEA /* Resources */ = {
			isa = PBXGroup;
			children = (
				5C6E0BB10FA2B0130015F7CC /* blackhighlight.png */,
				5C6E0BAF0FA2B0070015F7CC /* whitehighlight.png */,
				5C7C999A0F9F649C00F2D74F /* tap.aif */,
				5CA95C860F7A682F00BCE55D /* blacklast.png */,
				5CA95C870F7A682F00BCE55D /* hint.png */,
				5CA95C880F7A682F00BCE55D /* whitelast.png */,
				5C7F3C880F6FF637009606D6 /* default.png */,
				5C7F3C890F6FF637009606D6 /* black.png */,
				5C7F3C8A0F6FF637009606D6 /* white.png */,
				5C7F3B700F6FE182009606D6 /* icon.png */,
				28AD733E0D9D9553002E5188 /* MainWindow.xib */,
				5C8462E00F6E953C00B3254F /* SmartOthelloView.xib */,
				5C7F3BCA0F6FEFA5009606D6 /* AboutView.xib */,
				5C8462E40F6E954D00B3254F /* SettingView.xib */,
				8D1107310486CEB800E47090 /* Info.plist */,
			);
			name = Resources;
			sourceTree = "<group>";
		};
		29B97323FDCFA39411CA2CEA /* Frameworks */ = {
			isa = PBXGroup;
			children = (
				5C7C9AEB0F9F71B700F2D74F /* AudioToolbox.framework */,
				1DF5F4DF0D08C38300B7A737 /* UIKit.framework */,
				1D30AB110D05D00D00671497 /* Foundation.framework */,
				288765FC0DF74451002DB57D /* CoreGraphics.framework */,
			);
			name = Frameworks;
			sourceTree = "<group>";
		};
/* End PBXGroup section */

/* Begin PBXNativeTarget section */
		1D6058900D05DD3D006BFB54 /* SmartOthello */ = {
			isa = PBXNativeTarget;
			buildConfigurationList = 1D6058960D05DD3E006BFB54 /* Build configuration list for PBXNativeTarget "SmartOthello" */;
			buildPhases = (
				1D60588D0D05DD3D006BFB54 /* Resources */,
				1D60588E0D05DD3D006BFB54 /* Sources */,
				1D60588F0D05DD3D006BFB54 /* Frameworks */,
			);
			buildRules = (
			);
			dependencies = (
			);
			name = SmartOthello;
			productName = SmartOthello;
			productReference = 1D6058910D05DD3D006BFB54 /* SmartOthello.app */;
			productType = "com.apple.product-type.application";
		};
/* End PBXNativeTarget section */

/* Begin PBXProject section */
		29B97313FDCFA39411CA2CEA /* Project object */ = {
			isa = PBXProject;
			buildConfigurationList = C01FCF4E08A954540054247B /* Build configuration list for PBXProject "SmartOthello" */;
			compatibilityVersion = "Xcode 3.1";
			hasScannedForEncodings = 1;
			mainGroup = 29B97314FDCFA39411CA2CEA /* CustomTemplate */;
			projectDirPath = "";
			projectRoot = "";
			targets = (
				1D6058900D05DD3D006BFB54 /* SmartOthello */,
			);
		};
/* End PBXProject section */

/* Begin PBXResourcesBuildPhase section */
		1D60588D0D05DD3D006BFB54 /* Resources */ = {
			isa = PBXResourcesBuildPhase;
			buildActionMask = 2147483647;
			files = (
				28AD733F0D9D9553002E5188 /* MainWindow.xib in Resources */,
				5C8462E10F6E953C00B3254F /* SmartOthelloView.xib in Resources */,
				5C8462E50F6E954D00B3254F /* SettingView.xib in Resources */,
				5C7F3B710F6FE182009606D6 /* icon.png in Resources */,
				5C7F3BCB0F6FEFA5009606D6 /* AboutView.xib in Resources */,
				5C7F3C8B0F6FF637009606D6 /* default.png in Resources */,
				5C7F3C8C0F6FF637009606D6 /* black.png in Resources */,
				5C7F3C8D0F6FF637009606D6 /* white.png in Resources */,
				5CA95C890F7A682F00BCE55D /* blacklast.png in Resources */,
				5CA95C8A0F7A682F00BCE55D /* hint.png in Resources */,
				5CA95C8B0F7A682F00BCE55D /* whitelast.png in Resources */,
				5C7C999B0F9F649C00F2D74F /* tap.aif in Resources */,
				5C6E0BB00FA2B0070015F7CC /* whitehighlight.png in Resources */,
				5C6E0BB20FA2B0130015F7CC /* blackhighlight.png in Resources */,
			);
			runOnlyForDeploymentPostprocessing = 0;
		};
/* End PBXResourcesBuildPhase section */

/* Begin PBXSourcesBuildPhase section */
		1D60588E0D05DD3D006BFB54 /* Sources */ = {
			isa = PBXSourcesBuildPhase;
			buildActionMask = 2147483647;
			files = (
				1D60589B0D05DD56006BFB54 /* main.m in Sources */,
				1D3623260D0F684500981E51 /* SmartOthelloAppDelegate.m in Sources */,
				5C8462AF0F6E8F1F00B3254F /* RootViewController.m in Sources */,
				5C8462D40F6E92D700B3254F /* SmartOthelloViewController.m in Sources */,
				5C8462D90F6E92EA00B3254F /* SettingViewController.m in Sources */,
				5C7F3C7D0F6FF448009606D6 /* AboutViewController.m in Sources */,
				5C7F3C810F6FF490009606D6 /* SmartOthelloView.m in Sources */,
				5C8A63060F77C21500317E40 /* ComputerMove.m in Sources */,
				5C8A63080F77C21500317E40 /* SmartOthelloBoard.m in Sources */,
				5CF3D5D40F77D626009CE158 /* SmartOthelloController.m in Sources */,
				5CC83FF30F8A3D29008BE2C4 /* MoveRecord.m in Sources */,
			);
			runOnlyForDeploymentPostprocessing = 0;
		};
/* End PBXSourcesBuildPhase section */

/* Begin XCBuildConfiguration section */
		1D6058940D05DD3E006BFB54 /* Debug */ = {
			isa = XCBuildConfiguration;
			buildSettings = {
				ALWAYS_SEARCH_USER_PATHS = NO;
				COPY_PHASE_STRIP = NO;
				GCC_DYNAMIC_NO_PIC = NO;
				GCC_OPTIMIZATION_LEVEL = 0;
				GCC_PRECOMPILE_PREFIX_HEADER = YES;
				GCC_PREFIX_HEADER = SmartOthello_Prefix.pch;
				INFOPLIST_FILE = Info.plist;
				PRODUCT_NAME = SmartOthello;
			};
			name = Debug;
		};
		1D6058950D05DD3E006BFB54 /* Release */ = {
			isa = XCBuildConfiguration;
			buildSettings = {
				ALWAYS_SEARCH_USER_PATHS = NO;
				COPY_PHASE_STRIP = YES;
				GCC_PRECOMPILE_PREFIX_HEADER = YES;
				GCC_PREFIX_HEADER = SmartOthello_Prefix.pch;
				INFOPLIST_FILE = Info.plist;
				PRODUCT_NAME = SmartOthello;
			};
			name = Release;
		};
		C01FCF4F08A954540054247B /* Debug */ = {
			isa = XCBuildConfiguration;
			buildSettings = {
				ARCHS = "$(ARCHS_STANDARD_32_BIT)";
				"CODE_SIGN_IDENTITY[sdk=iphoneos*]" = "iPhone Developer";
				GCC_C_LANGUAGE_STANDARD = c99;
				GCC_WARN_ABOUT_RETURN_TYPE = YES;
				GCC_WARN_UNUSED_VARIABLE = YES;
				ONLY_ACTIVE_ARCH = YES;
				PREBINDING = NO;
				SDKROOT = iphoneos2.2.1;
			};
			name = Debug;
		};
		C01FCF5008A954540054247B /* Release */ = {
			isa = XCBuildConfiguration;
			buildSettings = {
				ARCHS = "$(ARCHS_STANDARD_32_BIT)";
				"CODE_SIGN_IDENTITY[sdk=iphoneos*]" = "iPhone Developer";
				GCC_C_LANGUAGE_STANDARD = c99;
				GCC_WARN_ABOUT_RETURN_TYPE = YES;
				GCC_WARN_UNUSED_VARIABLE = YES;
				PREBINDING = NO;
				SDKROOT = iphoneos2.2.1;
			};
			name = Release;
		};
/* End XCBuildConfiguration section */

/* Begin XCConfigurationList section */
		1D6058960D05DD3E006BFB54 /* Build configuration list for PBXNativeTarget "SmartOthello" */ = {
			isa = XCConfigurationList;
			buildConfigurations = (
				1D6058940D05DD3E006BFB54 /* Debug */,
				1D6058950D05DD3E006BFB54 /* Release */,
			);
			defaultConfigurationIsVisible = 0;
			defaultConfigurationName = Release;
		};
		C01FCF4E08A954540054247B /* Build configuration list for PBXProject "SmartOthello" */ = {
			isa = XCConfigurationList;
			buildConfigurations = (
				C01FCF4F08A954540054247B /* Debug */,
				C01FCF5008A954540054247B /* Release */,
			);
			defaultConfigurationIsVisible = 0;
			defaultConfigurationName = Release;
		};
/* End XCConfigurationList section */
	};
	rootObject = 29B97313FDCFA39411CA2CEA /* Project object */;
}
